
Microsoft Visual Studio Solution File, Format Version 12.00
# Visual Studio 15
VisualStudioVersion = 15.0.28010.0
MinimumVisualStudioVersion = 10.0.40219.1
Project("{FAE04EC0-301F-11D3-BF4B-00C04F79EFBC}") = "LoL Rune Maker", "LoL Rune Maker\LoL Rune Maker.csproj", "{F9A8635F-EB66-4F88-8581-CF779CF3AA59}"
EndProject
Project("{FAE04EC0-301F-11D3-BF4B-00C04F79EFBC}") = "LCU.NET", "H:\PIPENDOS\Projects\LoL API\LCU.NET\LCU.NET.csproj", "{531938F3-2E4E-4C45-BE4D-CECED31AC294}"
EndProject
Project("{FAE04EC0-301F-11D3-BF4B-00C04F79EFBC}") = "PiMachine", "..\PiMachine\PiMachine.csproj", "{8A62E48D-6109-4721-8F56-B4EEF47D012F}"
EndProject
Global
	GlobalSection(SolutionConfigurationPlatforms) = preSolution
		Debug|Any CPU = Debug|Any CPU
		Release|Any CPU = Release|Any CPU
	EndGlobalSection
	GlobalSection(ProjectConfigurationPlatforms) = postSolution
		{F9A8635F-EB66-4F88-8581-CF779CF3AA59}.Debug|Any CPU.ActiveCfg = Debug|Any CPU
		{F9A8635F-EB66-4F88-8581-CF779CF3AA59}.Debug|Any CPU.Build.0 = Debug|Any CPU
		{F9A8635F-EB66-4F88-8581-CF779CF3AA59}.Release|Any CPU.ActiveCfg = Release|Any CPU
		{F9A8635F-EB66-4F88-8581-CF779CF3AA59}.Release|Any CPU.Build.0 = Release|Any CPU
		{531938F3-2E4E-4C45-BE4D-CECED31AC294}.Debug|Any CPU.ActiveCfg = Debug|Any CPU
		{531938F3-2E4E-4C45-BE4D-CECED31AC294}.Debug|Any CPU.Build.0 = Debug|Any CPU
		{531938F3-2E4E-4C45-BE4D-CECED31AC294}.Release|Any CPU.ActiveCfg = Release|Any CPU
		{531938F3-2E4E-4C45-BE4D-CECED31AC294}.Release|Any CPU.Build.0 = Release|Any CPU
		{8A62E48D-6109-4721-8F56-B4EEF47D012F}.Debug|Any CPU.ActiveCfg = Debug|Any CPU
		{8A62E48D-6109-4721-8F56-B4EEF47D012F}.Debug|Any CPU.Build.0 = Debug|Any CPU
		{8A62E48D-6109-4721-8F56-B4EEF47D012F}.Release|Any CPU.ActiveCfg = Release|Any CPU
		{8A62E48D-6109-4721-8F56-B4EEF47D012F}.Release|Any CPU.Build.0 = Release|Any CPU
	EndGlobalSection
	GlobalSection(SolutionProperties) = preSolution
		HideSolutionNode = FALSE
	EndGlobalSection
	GlobalSection(ExtensibilityGlobals) = postSolution
		SolutionGuid = {41C5AD10-F860-47C4-99FA-E7DF47CF8D29}
	EndGlobalSection
EndGlobal
